PODS:
  - Eureka (5.0.0)
  - fluid-slider (1.1.0):
    - pop
  - pop (1.0.12)
  - ViewRow (0.4.0):
    - Eureka (>= 4.0.0)

DEPENDENCIES:
  - Eureka
  - fluid-slider
  - ViewRow (from `https://github.com/EurekaCommunity/ViewRow`)

SPEC REPOS:
  https://github.com/cocoapods/specs.git:
    - Eureka
    - fluid-slider
    - pop

EXTERNAL SOURCES:
  ViewRow:
    :git: https://github.com/EurekaCommunity/ViewRow

CHECKOUT OPTIONS:
  ViewRow:
    :commit: fdb0ad7e3ed763fc671f6d68749d3620a242d81d
    :git: https://github.com/EurekaCommunity/ViewRow

SPEC CHECKSUMS:
  Eureka: 0f64f477ec8ef6201c6fec143d60ff5c201cf654
  fluid-slider: 68037ac7247f16a89f3e24ff5d0167c8eea6f50b
  pop: d582054913807fd11fd50bfe6a539d91c7e1a55a
  ViewRow: 513d444dcfe53d58f8a6469065329c507c5e4973

PODFILE CHECKSUM: 75b04ed27585a6a10ac1e18f58f411f764485b1c

COCOAPODS: 1.5.3
